<?xml version="1.0" encoding="utf-8"?>
<Project ToolsVersion="4.0" xmlns="http://schemas.microsoft.com/developer/msbuild/2003">
  <ItemGroup>
    <ClCompile Include="ModelVariations.cpp" />
    <ClCompile Include="Vehicles.cpp" />
    <ClCompile Include="LogUtil.cpp" />
    <ClCompile Include="FileUtil.cpp" />
  </ItemGroup>
  <ItemGroup>
    <ClInclude Include="Vehicles.hpp" />
    <ClInclude Include="LogUtil.hpp" />
    <ClInclude Include="IniParse.hpp" />
    <ClInclude Include="Hooks.hpp" />
    <ClInclude Include="FileUtil.hpp" />
  </ItemGroup>
</Project>